
Microsoft Visual Studio Solution File, Format Version 12.00
# Visual Studio 15
VisualStudioVersion = 15.0.34930.48
MinimumVisualStudioVersion = 10.0.40219.1
Project("{8BC9CEB8-8B4A-11D0-8D11-00A0C91BC942}") = "WinAPI", "WinAPI\WinAPI.vcxproj", "{B5A94C11-F4D0-4046-8705-C59316A0F25A}"
EndProject
Project("{8BC9CEB8-8B4A-11D0-8D11-00A0C91BC942}") = "ComboBox", "ComboBox\ComboBox.vcxproj", "{6C9303E1-9B17-4088-90E2-82B21AC42566}"
EndProject
Project("{8BC9CEB8-8B4A-11D0-8D11-00A0C91BC942}") = "ListBox", "ListBox\ListBox.vcxproj", "{F09A03DA-59FB-4A58-BC98-24D3019EB73F}"
EndProject
Project("{8BC9CEB8-8B4A-11D0-8D11-00A0C91BC942}") = "MainWindow", "MainWindow\MainWindow.vcxproj", "{7A074586-C89D-440B-BAAF-BB9EA7CD2C8A}"
EndProject
Project("{8BC9CEB8-8B4A-11D0-8D11-00A0C91BC942}") = "Calc", "Calc\Calc.vcxproj", "{06AC3CE6-9B10-452E-A72E-9F384274C2CE}"
EndProject
Project("{8BC9CEB8-8B4A-11D0-8D11-00A0C91BC942}") = "Resource-onlyDLL", "Resource-onlyDLL\Resource-onlyDLL.vcxproj", "{48DD192C-07F5-41B2-9A4F-3CE21F721802}"
EndProject
Project("{8BC9CEB8-8B4A-11D0-8D11-00A0C91BC942}") = "Font-onlyDLL", "Font-onlyDLL\Font-onlyDLL.vcxproj", "{D66890D3-277F-4804-9888-1688F582AFE5}"
EndProject
Project("{8BC9CEB8-8B4A-11D0-8D11-00A0C91BC942}") = "CheckList", "CheckList\CheckList.vcxproj", "{CC1688A4-B661-4939-95D4-8D4ACB13147A}"
EndProject
Project("{54435603-DBB4-11D2-8724-00A0C9A8B90C}") = "SetupCalc", "SetupCalc\SetupCalc.vdproj", "{070637CA-CFB0-4D50-90FF-47B8F4AD4DF6}"
EndProject
Global
	GlobalSection(SolutionConfigurationPlatforms) = preSolution
		Debug|x64 = Debug|x64
		Debug|x86 = Debug|x86
		Release|x64 = Release|x64
		Release|x86 = Release|x86
	EndGlobalSection
	GlobalSection(ProjectConfigurationPlatforms) = postSolution
		{B5A94C11-F4D0-4046-8705-C59316A0F25A}.Debug|x64.ActiveCfg = Debug|x64
		{B5A94C11-F4D0-4046-8705-C59316A0F25A}.Debug|x64.Build.0 = Debug|x64
		{B5A94C11-F4D0-4046-8705-C59316A0F25A}.Debug|x86.ActiveCfg = Debug|Win32
		{B5A94C11-F4D0-4046-8705-C59316A0F25A}.Debug|x86.Build.0 = Debug|Win32
		{B5A94C11-F4D0-4046-8705-C59316A0F25A}.Release|x64.ActiveCfg = Release|x64
		{B5A94C11-F4D0-4046-8705-C59316A0F25A}.Release|x64.Build.0 = Release|x64
		{B5A94C11-F4D0-4046-8705-C59316A0F25A}.Release|x86.ActiveCfg = Release|Win32
		{6C9303E1-9B17-4088-90E2-82B21AC42566}.Debug|x64.ActiveCfg = Debug|x64
		{6C9303E1-9B17-4088-90E2-82B21AC42566}.Debug|x64.Build.0 = Debug|x64
		{6C9303E1-9B17-4088-90E2-82B21AC42566}.Debug|x86.ActiveCfg = Debug|Win32
		{6C9303E1-9B17-4088-90E2-82B21AC42566}.Debug|x86.Build.0 = Debug|Win32
		{6C9303E1-9B17-4088-90E2-82B21AC42566}.Release|x64.ActiveCfg = Release|x64
		{6C9303E1-9B17-4088-90E2-82B21AC42566}.Release|x64.Build.0 = Release|x64
		{6C9303E1-9B17-4088-90E2-82B21AC42566}.Release|x86.ActiveCfg = Release|Win32
		{F09A03DA-59FB-4A58-BC98-24D3019EB73F}.Debug|x64.ActiveCfg = Debug|x64
		{F09A03DA-59FB-4A58-BC98-24D3019EB73F}.Debug|x64.Build.0 = Debug|x64
		{F09A03DA-59FB-4A58-BC98-24D3019EB73F}.Debug|x86.ActiveCfg = Debug|Win32
		{F09A03DA-59FB-4A58-BC98-24D3019EB73F}.Debug|x86.Build.0 = Debug|Win32
		{F09A03DA-59FB-4A58-BC98-24D3019EB73F}.Release|x64.ActiveCfg = Release|x64
		{F09A03DA-59FB-4A58-BC98-24D3019EB73F}.Release|x64.Build.0 = Release|x64
		{F09A03DA-59FB-4A58-BC98-24D3019EB73F}.Release|x86.ActiveCfg = Release|Win32
		{7A074586-C89D-440B-BAAF-BB9EA7CD2C8A}.Debug|x64.ActiveCfg = Debug|x64
		{7A074586-C89D-440B-BAAF-BB9EA7CD2C8A}.Debug|x64.Build.0 = Debug|x64
		{7A074586-C89D-440B-BAAF-BB9EA7CD2C8A}.Debug|x86.ActiveCfg = Debug|Win32
		{7A074586-C89D-440B-BAAF-BB9EA7CD2C8A}.Debug|x86.Build.0 = Debug|Win32
		{7A074586-C89D-440B-BAAF-BB9EA7CD2C8A}.Release|x64.ActiveCfg = Release|x64
		{7A074586-C89D-440B-BAAF-BB9EA7CD2C8A}.Release|x64.Build.0 = Release|x64
		{7A074586-C89D-440B-BAAF-BB9EA7CD2C8A}.Release|x86.ActiveCfg = Release|Win32
		{06AC3CE6-9B10-452E-A72E-9F384274C2CE}.Debug|x64.ActiveCfg = Debug|x64
		{06AC3CE6-9B10-452E-A72E-9F384274C2CE}.Debug|x64.Build.0 = Debug|x64
		{06AC3CE6-9B10-452E-A72E-9F384274C2CE}.Debug|x86.ActiveCfg = Debug|Win32
		{06AC3CE6-9B10-452E-A72E-9F384274C2CE}.Debug|x86.Build.0 = Debug|Win32
		{06AC3CE6-9B10-452E-A72E-9F384274C2CE}.Release|x64.ActiveCfg = Release|x64
		{06AC3CE6-9B10-452E-A72E-9F384274C2CE}.Release|x64.Build.0 = Release|x64
		{06AC3CE6-9B10-452E-A72E-9F384274C2CE}.Release|x86.ActiveCfg = Release|Win32
		{06AC3CE6-9B10-452E-A72E-9F384274C2CE}.Release|x86.Build.0 = Release|Win32
		{48DD192C-07F5-41B2-9A4F-3CE21F721802}.Debug|x64.ActiveCfg = Debug|x64
		{48DD192C-07F5-41B2-9A4F-3CE21F721802}.Debug|x64.Build.0 = Debug|x64
		{48DD192C-07F5-41B2-9A4F-3CE21F721802}.Debug|x86.ActiveCfg = Debug|Win32
		{48DD192C-07F5-41B2-9A4F-3CE21F721802}.Debug|x86.Build.0 = Debug|Win32
		{48DD192C-07F5-41B2-9A4F-3CE21F721802}.Release|x64.ActiveCfg = Release|x64
		{48DD192C-07F5-41B2-9A4F-3CE21F721802}.Release|x64.Build.0 = Release|x64
		{48DD192C-07F5-41B2-9A4F-3CE21F721802}.Release|x86.ActiveCfg = Release|Win32
		{D66890D3-277F-4804-9888-1688F582AFE5}.Debug|x64.ActiveCfg = Debug|x64
		{D66890D3-277F-4804-9888-1688F582AFE5}.Debug|x64.Build.0 = Debug|x64
		{D66890D3-277F-4804-9888-1688F582AFE5}.Debug|x86.ActiveCfg = Debug|Win32
		{D66890D3-277F-4804-9888-1688F582AFE5}.Debug|x86.Build.0 = Debug|Win32
		{D66890D3-277F-4804-9888-1688F582AFE5}.Release|x64.ActiveCfg = Release|x64
		{D66890D3-277F-4804-9888-1688F582AFE5}.Release|x64.Build.0 = Release|x64
		{D66890D3-277F-4804-9888-1688F582AFE5}.Release|x86.ActiveCfg = Release|Win32
		{CC1688A4-B661-4939-95D4-8D4ACB13147A}.Debug|x64.ActiveCfg = Debug|x64
		{CC1688A4-B661-4939-95D4-8D4ACB13147A}.Debug|x64.Build.0 = Debug|x64
		{CC1688A4-B661-4939-95D4-8D4ACB13147A}.Debug|x86.ActiveCfg = Debug|Win32
		{CC1688A4-B661-4939-95D4-8D4ACB13147A}.Debug|x86.Build.0 = Debug|Win32
		{CC1688A4-B661-4939-95D4-8D4ACB13147A}.Release|x64.ActiveCfg = Release|x64
		{CC1688A4-B661-4939-95D4-8D4ACB13147A}.Release|x64.Build.0 = Release|x64
		{CC1688A4-B661-4939-95D4-8D4ACB13147A}.Release|x86.ActiveCfg = Release|Win32
		{070637CA-CFB0-4D50-90FF-47B8F4AD4DF6}.Debug|x64.ActiveCfg = Debug
		{070637CA-CFB0-4D50-90FF-47B8F4AD4DF6}.Debug|x86.ActiveCfg = Debug
		{070637CA-CFB0-4D50-90FF-47B8F4AD4DF6}.Release|x64.ActiveCfg = Release
		{070637CA-CFB0-4D50-90FF-47B8F4AD4DF6}.Release|x86.ActiveCfg = Release
		{070637CA-CFB0-4D50-90FF-47B8F4AD4DF6}.Release|x86.Build.0 = Release
	EndGlobalSection
	GlobalSection(SolutionProperties) = preSolution
		HideSolutionNode = FALSE
	EndGlobalSection
	GlobalSection(ExtensibilityGlobals) = postSolution
		SolutionGuid = {4F2A443C-3082-4377-8AE2-94592DEAA569}
	EndGlobalSection
EndGlobal
